// !$*UTF8*$!
{
	archiveVersion = 1;
	classes = {
	};
	objectVersion = 46;
	objects = {

/* Begin PBXBuildFile section */
		4181D4A81AD4EAB00095C9CA /* main.cpp in Sources */ = {isa = PBXBuildFile; fileRef = 4181D4A71AD4EAB00095C9CA /* main.cpp */; };
/* End PBXBuildFile section */

/* Begin PBXCopyFilesBuildPhase section */
		4181D4A21AD4EAB00095C9CA /* CopyFiles */ = {
			isa = PBXCopyFilesBuildPhase;
			buildActionMask = 2147483647;
			dstPath = /usr/share/man/man1/;
			dstSubfolderSpec = 0;
			files = (
			);
			runOnlyForDeploymentPostprocessing = 1;
		};
/* End PBXCopyFilesBuildPhase section */

/* Begin PBXFileReference section */
		4181D4A41AD4EAB00095C9CA /* photoEXIFData */ = {isa = PBXFileReference; explicitFileType = "compiled.mach-o.executable"; includeInIndex = 0; path = photoEXIFData; sourceTree = BUILT_PRODUCTS_DIR; };
		4181D4A71AD4EAB00095C9CA /* main.cpp */ = {isa = PBXFileReference; lastKnownFileType = sourcecode.cpp.cpp; path = main.cpp; sourceTree = "<group>"; };
/* End PBXFileReference section */

/* Begin PBXFrameworksBuildPhase section */
		4181D4A11AD4EAB00095C9CA /* Frameworks */ = {
			isa = PBXFrameworksBuildPhase;
			buildActionMask = 2147483647;
			files = (
			);
			runOnlyForDeploymentPostprocessing = 0;
		};
/* End PBXFrameworksBuildPhase section */

/* Begin PBXGroup section */
		4181D49B1AD4EAB00095C9CA = {
			isa = PBXGroup;
			children = (
				4181D4A61AD4EAB00095C9CA /* photoEXIFData */,
				4181D4A51AD4EAB00095C9CA /* Products */,
			);
			sourceTree = "<group>";
		};
		4181D4A51AD4EAB00095C9CA /* Products */ = {
			isa = PBXGroup;
			children = (
				4181D4A41AD4EAB00095C9CA /* photoEXIFData */,
			);
			name = Products;
			sourceTree = "<group>";
		};
		4181D4A61AD4EAB00095C9CA /* photoEXIFData */ = {
			isa = PBXGroup;
			children = (
				4181D4A71AD4EAB00095C9CA /* main.cpp */,
			);
			path = photoEXIFData;
			sourceTree = "<group>";
		};
/* End PBXGroup section */

/* Begin PBXNativeTarget section */
		4181D4A31AD4EAB00095C9CA /* photoEXIFData */ = {
			isa = PBXNativeTarget;
			buildConfigurationList = 4181D4AB1AD4EAB00095C9CA /* Build configuration list for PBXNativeTarget "photoEXIFData" */;
			buildPhases = (
				4181D4A01AD4EAB00095C9CA /* Sources */,
				4181D4A11AD4EAB00095C9CA /* Frameworks */,
				4181D4A21AD4EAB00095C9CA /* CopyFiles */,
			);
			buildRules = (
			);
			dependencies = (
			);
			name = photoEXIFData;
			productName = photoEXIFData;
			productReference = 4181D4A41AD4EAB00095C9CA /* photoEXIFData */;
			productType = "com.apple.product-type.tool";
		};
/* End PBXNativeTarget section */

/* Begin PBXProject section */
		4181D49C1AD4EAB00095C9CA /* Project object */ = {
			isa = PBXProject;
			attributes = {
				LastUpgradeCheck = 0620;
				ORGANIZATIONNAME = "Daniel Shteremberg";
				TargetAttributes = {
					4181D4A31AD4EAB00095C9CA = {
						CreatedOnToolsVersion = 6.2;
					};
				};
			};
			buildConfigurationList = 4181D49F1AD4EAB00095C9CA /* Build configuration list for PBXProject "photoEXIFData" */;
			compatibilityVersion = "Xcode 3.2";
			developmentRegion = English;
			hasScannedForEncodings = 0;
			knownRegions = (
				en,
			);
			mainGroup = 4181D49B1AD4EAB00095C9CA;
			productRefGroup = 4181D4A51AD4EAB00095C9CA /* Products */;
			projectDirPath = "";
			projectRoot = "";
			targets = (
				4181D4A31AD4EAB00095C9CA /* photoEXIFData */,
			);
		};
/* End PBXProject section */

/* Begin PBXSourcesBuildPhase section */
		4181D4A01AD4EAB00095C9CA /* Sources */ = {
			isa = PBXSourcesBuildPhase;
			buildActionMask = 2147483647;
			files = (
				4181D4A81AD4EAB00095C9CA /* main.cpp in Sources */,
			);
			runOnlyForDeploymentPostprocessing = 0;
		};
/* End PBXSourcesBuildPhase section */

/* Begin XCBuildConfiguration section */
		4181D4A91AD4EAB00095C9CA /* Debug */ = {
			isa = XCBuildConfiguration;
			buildSettings = {
				ALWAYS_SEARCH_USER_PATHS = NO;
				CLANG_CXX_LANGUAGE_STANDARD = "gnu++0x";
				CLANG_CXX_LIBRARY = "libc++";
				CLANG_ENABLE_MODULES = YES;
				CLANG_ENABLE_OBJC_ARC = YES;
				CLANG_WARN_BOOL_CONVERSION = YES;
				CLANG_WARN_CONSTANT_CONVERSION = YES;
				CLANG_WARN_DIRECT_OBJC_ISA_USAGE = YES_ERROR;
				CLANG_WARN_EMPTY_BODY = YES;
				CLANG_WARN_ENUM_CONVERSION = YES;
				CLANG_WARN_INT_CONVERSION = YES;
				CLANG_WARN_OBJC_ROOT_CLASS = YES_ERROR;
				CLANG_WARN_UNREACHABLE_CODE = YES;
				CLANG_WARN__DUPLICATE_METHOD_MATCH = YES;
				COPY_PHASE_STRIP = NO;
				ENABLE_STRICT_OBJC_MSGSEND = YES;
				GCC_C_LANGUAGE_STANDARD = gnu99;
				GCC_DYNAMIC_NO_PIC = NO;
				GCC_OPTIMIZATION_LEVEL = 0;
				GCC_PREPROCESSOR_DEFINITIONS = (
					"DEBUG=1",
					"$(inherited)",
				);
				GCC_SYMBOLS_PRIVATE_EXTERN = NO;
				GCC_WARN_64_TO_32_BIT_CONVERSION = YES;
				GCC_WARN_ABOUT_RETURN_TYPE = YES_ERROR;
				GCC_WARN_UNDECLARED_SELECTOR = YES;
				GCC_WARN_UNINITIALIZED_AUTOS = YES_AGGRESSIVE;
				GCC_WARN_UNUSED_FUNCTION = YES;
				GCC_WARN_UNUSED_VARIABLE = YES;
				MACOSX_DEPLOYMENT_TARGET = 10.10;
				MTL_ENABLE_DEBUG_INFO = YES;
				ONLY_ACTIVE_ARCH = YES;
				SDKROOT = macosx;
			};
			name = Debug;
		};
		4181D4AA1AD4EAB00095C9CA /* Release */ = {
			isa = XCBuildConfiguration;
			buildSettings = {
				ALWAYS_SEARCH_USER_PATHS = NO;
				CLANG_CXX_LANGUAGE_STANDARD = "gnu++0x";
				CLANG_CXX_LIBRARY = "libc++";
				CLANG_ENABLE_MODULES = YES;
				CLANG_ENABLE_OBJC_ARC = YES;
				CLANG_WARN_BOOL_CONVERSION = YES;
				CLANG_WARN_CONSTANT_CONVERSION = YES;
				CLANG_WARN_DIRECT_OBJC_ISA_USAGE = YES_ERROR;
				CLANG_WARN_EMPTY_BODY = YES;
				CLANG_WARN_ENUM_CONVERSION = YES;
				CLANG_WARN_INT_CONVERSION = YES;
				CLANG_WARN_OBJC_ROOT_CLASS = YES_ERROR;
				CLANG_WARN_UNREACHABLE_CODE = YES;
				CLANG_WARN__DUPLICATE_METHOD_MATCH = YES;
				COPY_PHASE_STRIP = NO;
				DEBUG_INFORMATION_FORMAT = "dwarf-with-dsym";
				ENABLE_NS_ASSERTIONS = NO;
				ENABLE_STRICT_OBJC_MSGSEND = YES;
				GCC_C_LANGUAGE_STANDARD = gnu99;
				GCC_WARN_64_TO_32_BIT_CONVERSION = YES;
				GCC_WARN_ABOUT_RETURN_TYPE = YES_ERROR;
				GCC_WARN_UNDECLARED_SELECTOR = YES;
				GCC_WARN_UNINITIALIZED_AUTOS = YES_AGGRESSIVE;
				GCC_WARN_UNUSED_FUNCTION = YES;
				GCC_WARN_UNUSED_VARIABLE = YES;
				MACOSX_DEPLOYMENT_TARGET = 10.10;
				MTL_ENABLE_DEBUG_INFO = NO;
				SDKROOT = macosx;
			};
			name = Release;
		};
		4181D4AC1AD4EAB00095C9CA /* Debug */ = {
			isa = XCBuildConfiguration;
			buildSettings = {
				PRODUCT_NAME = "$(TARGET_NAME)";
			};
			name = Debug;
		};
		4181D4AD1AD4EAB00095C9CA /* Release */ = {
			isa = XCBuildConfiguration;
			buildSettings = {
				PRODUCT_NAME = "$(TARGET_NAME)";
			};
			name = Release;
		};
/* End XCBuildConfiguration section */

/* Begin XCConfigurationList section */
		4181D49F1AD4EAB00095C9CA /* Build configuration list for PBXProject "photoEXIFData" */ = {
			isa = XCConfigurationList;
			buildConfigurations = (
				4181D4A91AD4EAB00095C9CA /* Debug */,
				4181D4AA1AD4EAB00095C9CA /* Release */,
			);
			defaultConfigurationIsVisible = 0;
			defaultConfigurationName = Release;
		};
		4181D4AB1AD4EAB00095C9CA /* Build configuration list for PBXNativeTarget "photoEXIFData" */ = {
			isa = XCConfigurationList;
			buildConfigurations = (
				4181D4AC1AD4EAB00095C9CA /* Debug */,
				4181D4AD1AD4EAB00095C9CA /* Release */,
			);
			defaultConfigurationIsVisible = 0;
		};
/* End XCConfigurationList section */
	};
	rootObject = 4181D49C1AD4EAB00095C9CA /* Project object */;
}
